
Microsoft Visual Studio Solution File, Format Version 12.00
# Visual Studio 15
VisualStudioVersion = 15.0.27703.2035
MinimumVisualStudioVersion = 10.0.40219.1
Project("{FAE04EC0-301F-11D3-BF4B-00C04F79EFBC}") = "Achilles.Entities.Sqlite", "Achilles.Entities.Sqlite\Achilles.Entities.Sqlite.csproj", "{13B572A1-721A-425B-8D3D-091530AAD493}"
EndProject
Global
	GlobalSection(SolutionConfigurationPlatforms) = preSolution
		Debug|Any CPU = Debug|Any CPU
		Release|Any CPU = Release|Any CPU
	EndGlobalSection
	GlobalSection(ProjectConfigurationPlatforms) = postSolution
		{13B572A1-721A-425B-8D3D-091530AAD493}.Debug|Any CPU.ActiveCfg = Debug|Any CPU
		{13B572A1-721A-425B-8D3D-091530AAD493}.Debug|Any CPU.Build.0 = Debug|Any CPU
		{13B572A1-721A-425B-8D3D-091530AAD493}.Release|Any CPU.ActiveCfg = Release|Any CPU
		{13B572A1-721A-425B-8D3D-091530AAD493}.Release|Any CPU.Build.0 = Release|Any CPU
	EndGlobalSection
	GlobalSection(SolutionProperties) = preSolution
		HideSolutionNode = FALSE
	EndGlobalSection
	GlobalSection(ExtensibilityGlobals) = postSolution
		SolutionGuid = {5F904F94-5CDE-4D9F-AAC4-959DCEB3D012}
	EndGlobalSection
EndGlobal
