
Microsoft Visual Studio Solution File, Format Version 12.00
# Visual Studio 15
VisualStudioVersion = 15.0.27703.2035
MinimumVisualStudioVersion = 10.0.40219.1
Project("{9A19103F-16F7-4668-BE54-9A1E7A4F7556}") = "Achilles.Entities.Sqlite", "Achilles.Entities.Sqlite\Achilles.Entities.Sqlite.csproj", "{13B572A1-721A-425B-8D3D-091530AAD493}"
EndProject
Project("{2150E333-8FDC-42A3-9474-1A3956D46DE8}") = "Solution Items", "Solution Items", "{1F41A4A4-7A97-4704-BCCA-FA13DCC6BD3C}"
	ProjectSection(SolutionItems) = preProject
		..\..\..\..\Documents\Expression\Expression Design\achilles-icon.png = ..\..\..\..\Documents\Expression\Expression Design\achilles-icon.png
		LICENSE.txt = LICENSE.txt
		NuGet.config = NuGet.config
		README.md = README.md
	EndProjectSection
EndProject
Project("{9A19103F-16F7-4668-BE54-9A1E7A4F7556}") = "Entities.Sqlite.Tests", "Entities.Sqlite.Tests\Entities.Sqlite.Tests.csproj", "{A3C93C15-171A-40F2-8D41-DFA817DD467B}"
EndProject
Project("{FAE04EC0-301F-11D3-BF4B-00C04F79EFBC}") = "TodoApp.Android", "TodoApp\TodoApp.Android\TodoApp.Android.csproj", "{506BCB95-A4F4-40A5-8ECB-264C16B6337E}"
EndProject
Project("{FAE04EC0-301F-11D3-BF4B-00C04F79EFBC}") = "TodoApp.iOS", "TodoApp\TodoApp.iOS\TodoApp.iOS.csproj", "{05B6613D-687A-4089-9247-97BC4E0066F1}"
EndProject
Project("{9A19103F-16F7-4668-BE54-9A1E7A4F7556}") = "TodoApp", "TodoApp\TodoApp\TodoApp.csproj", "{133207E0-58CE-4F31-9422-DB07B874A483}"
EndProject
Project("{2150E333-8FDC-42A3-9474-1A3956D46DE8}") = "Samples", "Samples", "{A6D3E419-D8A9-4183-8D9E-A2791B34186A}"
EndProject
Global
	GlobalSection(SolutionConfigurationPlatforms) = preSolution
		Ad-Hoc|Any CPU = Ad-Hoc|Any CPU
		Ad-Hoc|iPhone = Ad-Hoc|iPhone
		Ad-Hoc|iPhoneSimulator = Ad-Hoc|iPhoneSimulator
		AppStore|Any CPU = AppStore|Any CPU
		AppStore|iPhone = AppStore|iPhone
		AppStore|iPhoneSimulator = AppStore|iPhoneSimulator
		Debug|Any CPU = Debug|Any CPU
		Debug|iPhone = Debug|iPhone
		Debug|iPhoneSimulator = Debug|iPhoneSimulator
		Release|Any CPU = Release|Any CPU
		Release|iPhone = Release|iPhone
		Release|iPhoneSimulator = Release|iPhoneSimulator
	EndGlobalSection
	GlobalSection(ProjectConfigurationPlatforms) = postSolution
		{13B572A1-721A-425B-8D3D-091530AAD493}.Ad-Hoc|Any CPU.ActiveCfg = Release|Any CPU
		{13B572A1-721A-425B-8D3D-091530AAD493}.Ad-Hoc|Any CPU.Build.0 = Release|Any CPU
		{13B572A1-721A-425B-8D3D-091530AAD493}.Ad-Hoc|iPhone.ActiveCfg = Release|Any CPU
		{13B572A1-721A-425B-8D3D-091530AAD493}.Ad-Hoc|iPhone.Build.0 = Release|Any CPU
		{13B572A1-721A-425B-8D3D-091530AAD493}.Ad-Hoc|iPhoneSimulator.ActiveCfg = Release|Any CPU
		{13B572A1-721A-425B-8D3D-091530AAD493}.Ad-Hoc|iPhoneSimulator.Build.0 = Release|Any CPU
		{13B572A1-721A-425B-8D3D-091530AAD493}.AppStore|Any CPU.ActiveCfg = Release|Any CPU
		{13B572A1-721A-425B-8D3D-091530AAD493}.AppStore|Any CPU.Build.0 = Release|Any CPU
		{13B572A1-721A-425B-8D3D-091530AAD493}.AppStore|iPhone.ActiveCfg = Release|Any CPU
		{13B572A1-721A-425B-8D3D-091530AAD493}.AppStore|iPhone.Build.0 = Release|Any CPU
		{13B572A1-721A-425B-8D3D-091530AAD493}.AppStore|iPhoneSimulator.ActiveCfg = Release|Any CPU
		{13B572A1-721A-425B-8D3D-091530AAD493}.AppStore|iPhoneSimulator.Build.0 = Release|Any CPU
		{13B572A1-721A-425B-8D3D-091530AAD493}.Debug|Any CPU.ActiveCfg = Debug|Any CPU
		{13B572A1-721A-425B-8D3D-091530AAD493}.Debug|Any CPU.Build.0 = Debug|Any CPU
		{13B572A1-721A-425B-8D3D-091530AAD493}.Debug|iPhone.ActiveCfg = Debug|Any CPU
		{13B572A1-721A-425B-8D3D-091530AAD493}.Debug|iPhone.Build.0 = Debug|Any CPU
		{13B572A1-721A-425B-8D3D-091530AAD493}.Debug|iPhoneSimulator.ActiveCfg = Debug|Any CPU
		{13B572A1-721A-425B-8D3D-091530AAD493}.Debug|iPhoneSimulator.Build.0 = Debug|Any CPU
		{13B572A1-721A-425B-8D3D-091530AAD493}.Release|Any CPU.ActiveCfg = Release|Any CPU
		{13B572A1-721A-425B-8D3D-091530AAD493}.Release|Any CPU.Build.0 = Release|Any CPU
		{13B572A1-721A-425B-8D3D-091530AAD493}.Release|iPhone.ActiveCfg = Release|Any CPU
		{13B572A1-721A-425B-8D3D-091530AAD493}.Release|iPhone.Build.0 = Release|Any CPU
		{13B572A1-721A-425B-8D3D-091530AAD493}.Release|iPhoneSimulator.ActiveCfg = Release|Any CPU
		{13B572A1-721A-425B-8D3D-091530AAD493}.Release|iPhoneSimulator.Build.0 = Release|Any CPU
		{A3C93C15-171A-40F2-8D41-DFA817DD467B}.Ad-Hoc|Any CPU.ActiveCfg = Release|Any CPU
		{A3C93C15-171A-40F2-8D41-DFA817DD467B}.Ad-Hoc|Any CPU.Build.0 = Release|Any CPU
		{A3C93C15-171A-40F2-8D41-DFA817DD467B}.Ad-Hoc|iPhone.ActiveCfg = Release|Any CPU
		{A3C93C15-171A-40F2-8D41-DFA817DD467B}.Ad-Hoc|iPhone.Build.0 = Release|Any CPU
		{A3C93C15-171A-40F2-8D41-DFA817DD467B}.Ad-Hoc|iPhoneSimulator.ActiveCfg = Release|Any CPU
		{A3C93C15-171A-40F2-8D41-DFA817DD467B}.Ad-Hoc|iPhoneSimulator.Build.0 = Release|Any CPU
		{A3C93C15-171A-40F2-8D41-DFA817DD467B}.AppStore|Any CPU.ActiveCfg = Release|Any CPU
		{A3C93C15-171A-40F2-8D41-DFA817DD467B}.AppStore|Any CPU.Build.0 = Release|Any CPU
		{A3C93C15-171A-40F2-8D41-DFA817DD467B}.AppStore|iPhone.ActiveCfg = Release|Any CPU
		{A3C93C15-171A-40F2-8D41-DFA817DD467B}.AppStore|iPhone.Build.0 = Release|Any CPU
		{A3C93C15-171A-40F2-8D41-DFA817DD467B}.AppStore|iPhoneSimulator.ActiveCfg = Release|Any CPU
		{A3C93C15-171A-40F2-8D41-DFA817DD467B}.AppStore|iPhoneSimulator.Build.0 = Release|Any CPU
		{A3C93C15-171A-40F2-8D41-DFA817DD467B}.Debug|Any CPU.ActiveCfg = Debug|Any CPU
		{A3C93C15-171A-40F2-8D41-DFA817DD467B}.Debug|Any CPU.Build.0 = Debug|Any CPU
		{A3C93C15-171A-40F2-8D41-DFA817DD467B}.Debug|iPhone.ActiveCfg = Debug|Any CPU
		{A3C93C15-171A-40F2-8D41-DFA817DD467B}.Debug|iPhone.Build.0 = Debug|Any CPU
		{A3C93C15-171A-40F2-8D41-DFA817DD467B}.Debug|iPhoneSimulator.ActiveCfg = Debug|Any CPU
		{A3C93C15-171A-40F2-8D41-DFA817DD467B}.Debug|iPhoneSimulator.Build.0 = Debug|Any CPU
		{A3C93C15-171A-40F2-8D41-DFA817DD467B}.Release|Any CPU.ActiveCfg = Release|Any CPU
		{A3C93C15-171A-40F2-8D41-DFA817DD467B}.Release|Any CPU.Build.0 = Release|Any CPU
		{A3C93C15-171A-40F2-8D41-DFA817DD467B}.Release|iPhone.ActiveCfg = Release|Any CPU
		{A3C93C15-171A-40F2-8D41-DFA817DD467B}.Release|iPhone.Build.0 = Release|Any CPU
		{A3C93C15-171A-40F2-8D41-DFA817DD467B}.Release|iPhoneSimulator.ActiveCfg = Release|Any CPU
		{A3C93C15-171A-40F2-8D41-DFA817DD467B}.Release|iPhoneSimulator.Build.0 = Release|Any CPU
		{506BCB95-A4F4-40A5-8ECB-264C16B6337E}.Ad-Hoc|Any CPU.ActiveCfg = Release|Any CPU
		{506BCB95-A4F4-40A5-8ECB-264C16B6337E}.Ad-Hoc|Any CPU.Build.0 = Release|Any CPU
		{506BCB95-A4F4-40A5-8ECB-264C16B6337E}.Ad-Hoc|Any CPU.Deploy.0 = Release|Any CPU
		{506BCB95-A4F4-40A5-8ECB-264C16B6337E}.Ad-Hoc|iPhone.ActiveCfg = Release|Any CPU
		{506BCB95-A4F4-40A5-8ECB-264C16B6337E}.Ad-Hoc|iPhone.Build.0 = Release|Any CPU
		{506BCB95-A4F4-40A5-8ECB-264C16B6337E}.Ad-Hoc|iPhone.Deploy.0 = Release|Any CPU
		{506BCB95-A4F4-40A5-8ECB-264C16B6337E}.Ad-Hoc|iPhoneSimulator.ActiveCfg = Release|Any CPU
		{506BCB95-A4F4-40A5-8ECB-264C16B6337E}.Ad-Hoc|iPhoneSimulator.Build.0 = Release|Any CPU
		{506BCB95-A4F4-40A5-8ECB-264C16B6337E}.Ad-Hoc|iPhoneSimulator.Deploy.0 = Release|Any CPU
		{506BCB95-A4F4-40A5-8ECB-264C16B6337E}.AppStore|Any CPU.ActiveCfg = Release|Any CPU
		{506BCB95-A4F4-40A5-8ECB-264C16B6337E}.AppStore|Any CPU.Build.0 = Release|Any CPU
		{506BCB95-A4F4-40A5-8ECB-264C16B6337E}.AppStore|Any CPU.Deploy.0 = Release|Any CPU
		{506BCB95-A4F4-40A5-8ECB-264C16B6337E}.AppStore|iPhone.ActiveCfg = Release|Any CPU
		{506BCB95-A4F4-40A5-8ECB-264C16B6337E}.AppStore|iPhone.Build.0 = Release|Any CPU
		{506BCB95-A4F4-40A5-8ECB-264C16B6337E}.AppStore|iPhone.Deploy.0 = Release|Any CPU
		{506BCB95-A4F4-40A5-8ECB-264C16B6337E}.AppStore|iPhoneSimulator.ActiveCfg = Release|Any CPU
		{506BCB95-A4F4-40A5-8ECB-264C16B6337E}.AppStore|iPhoneSimulator.Build.0 = Release|Any CPU
		{506BCB95-A4F4-40A5-8ECB-264C16B6337E}.AppStore|iPhoneSimulator.Deploy.0 = Release|Any CPU
		{506BCB95-A4F4-40A5-8ECB-264C16B6337E}.Debug|Any CPU.ActiveCfg = Debug|Any CPU
		{506BCB95-A4F4-40A5-8ECB-264C16B6337E}.Debug|Any CPU.Build.0 = Debug|Any CPU
		{506BCB95-A4F4-40A5-8ECB-264C16B6337E}.Debug|Any CPU.Deploy.0 = Debug|Any CPU
		{506BCB95-A4F4-40A5-8ECB-264C16B6337E}.Debug|iPhone.ActiveCfg = Debug|Any CPU
		{506BCB95-A4F4-40A5-8ECB-264C16B6337E}.Debug|iPhone.Build.0 = Debug|Any CPU
		{506BCB95-A4F4-40A5-8ECB-264C16B6337E}.Debug|iPhone.Deploy.0 = Debug|Any CPU
		{506BCB95-A4F4-40A5-8ECB-264C16B6337E}.Debug|iPhoneSimulator.ActiveCfg = Debug|Any CPU
		{506BCB95-A4F4-40A5-8ECB-264C16B6337E}.Debug|iPhoneSimulator.Build.0 = Debug|Any CPU
		{506BCB95-A4F4-40A5-8ECB-264C16B6337E}.Debug|iPhoneSimulator.Deploy.0 = Debug|Any CPU
		{506BCB95-A4F4-40A5-8ECB-264C16B6337E}.Release|Any CPU.ActiveCfg = Release|Any CPU
		{506BCB95-A4F4-40A5-8ECB-264C16B6337E}.Release|Any CPU.Build.0 = Release|Any CPU
		{506BCB95-A4F4-40A5-8ECB-264C16B6337E}.Release|Any CPU.Deploy.0 = Release|Any CPU
		{506BCB95-A4F4-40A5-8ECB-264C16B6337E}.Release|iPhone.ActiveCfg = Release|Any CPU
		{506BCB95-A4F4-40A5-8ECB-264C16B6337E}.Release|iPhone.Build.0 = Release|Any CPU
		{506BCB95-A4F4-40A5-8ECB-264C16B6337E}.Release|iPhone.Deploy.0 = Release|Any CPU
		{506BCB95-A4F4-40A5-8ECB-264C16B6337E}.Release|iPhoneSimulator.ActiveCfg = Release|Any CPU
		{506BCB95-A4F4-40A5-8ECB-264C16B6337E}.Release|iPhoneSimulator.Build.0 = Release|Any CPU
		{506BCB95-A4F4-40A5-8ECB-264C16B6337E}.Release|iPhoneSimulator.Deploy.0 = Release|Any CPU
		{05B6613D-687A-4089-9247-97BC4E0066F1}.Ad-Hoc|Any CPU.ActiveCfg = Ad-Hoc|iPhone
		{05B6613D-687A-4089-9247-97BC4E0066F1}.Ad-Hoc|iPhone.ActiveCfg = Ad-Hoc|iPhone
		{05B6613D-687A-4089-9247-97BC4E0066F1}.Ad-Hoc|iPhone.Build.0 = Ad-Hoc|iPhone
		{05B6613D-687A-4089-9247-97BC4E0066F1}.Ad-Hoc|iPhoneSimulator.ActiveCfg = Ad-Hoc|iPhoneSimulator
		{05B6613D-687A-4089-9247-97BC4E0066F1}.Ad-Hoc|iPhoneSimulator.Build.0 = Ad-Hoc|iPhoneSimulator
		{05B6613D-687A-4089-9247-97BC4E0066F1}.AppStore|Any CPU.ActiveCfg = AppStore|iPhone
		{05B6613D-687A-4089-9247-97BC4E0066F1}.AppStore|iPhone.ActiveCfg = AppStore|iPhone
		{05B6613D-687A-4089-9247-97BC4E0066F1}.AppStore|iPhone.Build.0 = AppStore|iPhone
		{05B6613D-687A-4089-9247-97BC4E0066F1}.AppStore|iPhoneSimulator.ActiveCfg = AppStore|iPhoneSimulator
		{05B6613D-687A-4089-9247-97BC4E0066F1}.AppStore|iPhoneSimulator.Build.0 = AppStore|iPhoneSimulator
		{05B6613D-687A-4089-9247-97BC4E0066F1}.Debug|Any CPU.ActiveCfg = Debug|iPhone
		{05B6613D-687A-4089-9247-97BC4E0066F1}.Debug|iPhone.ActiveCfg = Debug|iPhone
		{05B6613D-687A-4089-9247-97BC4E0066F1}.Debug|iPhone.Build.0 = Debug|iPhone
		{05B6613D-687A-4089-9247-97BC4E0066F1}.Debug|iPhoneSimulator.ActiveCfg = Debug|iPhoneSimulator
		{05B6613D-687A-4089-9247-97BC4E0066F1}.Debug|iPhoneSimulator.Build.0 = Debug|iPhoneSimulator
		{05B6613D-687A-4089-9247-97BC4E0066F1}.Release|Any CPU.ActiveCfg = Release|iPhone
		{05B6613D-687A-4089-9247-97BC4E0066F1}.Release|iPhone.ActiveCfg = Release|iPhone
		{05B6613D-687A-4089-9247-97BC4E0066F1}.Release|iPhone.Build.0 = Release|iPhone
		{05B6613D-687A-4089-9247-97BC4E0066F1}.Release|iPhoneSimulator.ActiveCfg = Release|iPhoneSimulator
		{05B6613D-687A-4089-9247-97BC4E0066F1}.Release|iPhoneSimulator.Build.0 = Release|iPhoneSimulator
		{133207E0-58CE-4F31-9422-DB07B874A483}.Ad-Hoc|Any CPU.ActiveCfg = Debug|Any CPU
		{133207E0-58CE-4F31-9422-DB07B874A483}.Ad-Hoc|Any CPU.Build.0 = Debug|Any CPU
		{133207E0-58CE-4F31-9422-DB07B874A483}.Ad-Hoc|iPhone.ActiveCfg = Debug|Any CPU
		{133207E0-58CE-4F31-9422-DB07B874A483}.Ad-Hoc|iPhone.Build.0 = Debug|Any CPU
		{133207E0-58CE-4F31-9422-DB07B874A483}.Ad-Hoc|iPhoneSimulator.ActiveCfg = Debug|Any CPU
		{133207E0-58CE-4F31-9422-DB07B874A483}.Ad-Hoc|iPhoneSimulator.Build.0 = Debug|Any CPU
		{133207E0-58CE-4F31-9422-DB07B874A483}.AppStore|Any CPU.ActiveCfg = Debug|Any CPU
		{133207E0-58CE-4F31-9422-DB07B874A483}.AppStore|Any CPU.Build.0 = Debug|Any CPU
		{133207E0-58CE-4F31-9422-DB07B874A483}.AppStore|iPhone.ActiveCfg = Debug|Any CPU
		{133207E0-58CE-4F31-9422-DB07B874A483}.AppStore|iPhone.Build.0 = Debug|Any CPU
		{133207E0-58CE-4F31-9422-DB07B874A483}.AppStore|iPhoneSimulator.ActiveCfg = Debug|Any CPU
		{133207E0-58CE-4F31-9422-DB07B874A483}.AppStore|iPhoneSimulator.Build.0 = Debug|Any CPU
		{133207E0-58CE-4F31-9422-DB07B874A483}.Debug|Any CPU.ActiveCfg = Debug|Any CPU
		{133207E0-58CE-4F31-9422-DB07B874A483}.Debug|Any CPU.Build.0 = Debug|Any CPU
		{133207E0-58CE-4F31-9422-DB07B874A483}.Debug|iPhone.ActiveCfg = Debug|Any CPU
		{133207E0-58CE-4F31-9422-DB07B874A483}.Debug|iPhone.Build.0 = Debug|Any CPU
		{133207E0-58CE-4F31-9422-DB07B874A483}.Debug|iPhoneSimulator.ActiveCfg = Debug|Any CPU
		{133207E0-58CE-4F31-9422-DB07B874A483}.Debug|iPhoneSimulator.Build.0 = Debug|Any CPU
		{133207E0-58CE-4F31-9422-DB07B874A483}.Release|Any CPU.ActiveCfg = Release|Any CPU
		{133207E0-58CE-4F31-9422-DB07B874A483}.Release|Any CPU.Build.0 = Release|Any CPU
		{133207E0-58CE-4F31-9422-DB07B874A483}.Release|iPhone.ActiveCfg = Release|Any CPU
		{133207E0-58CE-4F31-9422-DB07B874A483}.Release|iPhone.Build.0 = Release|Any CPU
		{133207E0-58CE-4F31-9422-DB07B874A483}.Release|iPhoneSimulator.ActiveCfg = Release|Any CPU
		{133207E0-58CE-4F31-9422-DB07B874A483}.Release|iPhoneSimulator.Build.0 = Release|Any CPU
	EndGlobalSection
	GlobalSection(SolutionProperties) = preSolution
		HideSolutionNode = FALSE
	EndGlobalSection
	GlobalSection(NestedProjects) = preSolution
		{506BCB95-A4F4-40A5-8ECB-264C16B6337E} = {A6D3E419-D8A9-4183-8D9E-A2791B34186A}
		{05B6613D-687A-4089-9247-97BC4E0066F1} = {A6D3E419-D8A9-4183-8D9E-A2791B34186A}
		{133207E0-58CE-4F31-9422-DB07B874A483} = {A6D3E419-D8A9-4183-8D9E-A2791B34186A}
	EndGlobalSection
	GlobalSection(ExtensibilityGlobals) = postSolution
		SolutionGuid = {5F904F94-5CDE-4D9F-AAC4-959DCEB3D012}
	EndGlobalSection
EndGlobal
